
Microsoft Visual Studio Solution File, Format Version 12.00
# Visual Studio Version 16
VisualStudioVersion = 16.0.30002.166
MinimumVisualStudioVersion = 10.0.40219.1
Project("{FAE04EC0-301F-11D3-BF4B-00C04F79EFBC}") = "CUE-Keyboard-Audio-Spectrum", "CUE-Keyboard-Audio-Spectrum.csproj", "{54B3B2D2-45FC-4BAB-8D7F-D20C9A3C081F}"
EndProject
Global
	GlobalSection(SolutionConfigurationPlatforms) = preSolution
		Debug|Any CPU = Debug|Any CPU
		Release|Any CPU = Release|Any CPU
	EndGlobalSection
	GlobalSection(ProjectConfigurationPlatforms) = postSolution
		{54B3B2D2-45FC-4BAB-8D7F-D20C9A3C081F}.Debug|Any CPU.ActiveCfg = Debug|Any CPU
		{54B3B2D2-45FC-4BAB-8D7F-D20C9A3C081F}.Debug|Any CPU.Build.0 = Debug|Any CPU
		{54B3B2D2-45FC-4BAB-8D7F-D20C9A3C081F}.Release|Any CPU.ActiveCfg = Release|Any CPU
		{54B3B2D2-45FC-4BAB-8D7F-D20C9A3C081F}.Release|Any CPU.Build.0 = Release|Any CPU
	EndGlobalSection
	GlobalSection(SolutionProperties) = preSolution
		HideSolutionNode = FALSE
	EndGlobalSection
	GlobalSection(ExtensibilityGlobals) = postSolution
		SolutionGuid = {9457BFBD-662C-4960-AC08-69A4030FD20A}
	EndGlobalSection
EndGlobal
